// !$*UTF8*$!
{
	archiveVersion = 1;
	classes = {
	};
	objectVersion = 54;
	objects = {

/* Begin PBXBuildFile section */
		5518FAF02C7F934F00E2B7CC /* ARSUIView.swift in Sources */ = {isa = PBXBuildFile; fileRef = 5518FAE02C7F934F00E2B7CC /* ARSUIView.swift */; };
		5518FAF12C7F934F00E2B7CC /* ContentView.swift in Sources */ = {isa = PBXBuildFile; fileRef = 5518FAE12C7F934F00E2B7CC /* ContentView.swift */; };
		5518FAF22C7F934F00E2B7CC /* Preview Assets.xcassets in Resources */ = {isa = PBXBuildFile; fileRef = 5518FAE42C7F934F00E2B7CC /* Preview Assets.xcassets */; };
		5518FAF32C7F934F00E2B7CC /* cupcake.usdz in Resources */ = {isa = PBXBuildFile; fileRef = 5518FAE62C7F934F00E2B7CC /* cupcake.usdz */; };
		5518FAF42C7F934F00E2B7CC /* rocket.usdz in Resources */ = {isa = PBXBuildFile; fileRef = 5518FAE72C7F934F00E2B7CC /* rocket.usdz */; };
		5518FAF72C7F934F00E2B7CC /* AppDelegate.swift in Sources */ = {isa = PBXBuildFile; fileRef = 5518FAEC2C7F934F00E2B7CC /* AppDelegate.swift */; };
		5518FAF82C7F934F00E2B7CC /* Assets.xcassets in Resources */ = {isa = PBXBuildFile; fileRef = 5518FAED2C7F934F00E2B7CC /* Assets.xcassets */; };
		5518FAFB2C7F938C00E2B7CC /* ItemsView.swift in Sources */ = {isa = PBXBuildFile; fileRef = 5518FAEA2C7F934F00E2B7CC /* ItemsView.swift */; };
		5518FAFD2C7F949B00E2B7CC /* RKFade in Frameworks */ = {isa = PBXBuildFile; productRef = 5518FAFC2C7F949B00E2B7CC /* RKFade */; };
		5556FF1B29A01BBD00A2DAA3 /* RKFade in Frameworks */ = {isa = PBXBuildFile; productRef = 5556FF1A29A01BBD00A2DAA3 /* RKFade */; };
		555D8B142C7F931D0051CD0F /* RealityKitContent in Frameworks */ = {isa = PBXBuildFile; productRef = 555D8B132C7F931D0051CD0F /* RealityKitContent */; };
		555D8B162C7F931D0051CD0F /* VisionOS_ExampleApp.swift in Sources */ = {isa = PBXBuildFile; fileRef = 555D8B152C7F931D0051CD0F /* VisionOS_ExampleApp.swift */; };
		555D8B182C7F931D0051CD0F /* ContentView.swift in Sources */ = {isa = PBXBuildFile; fileRef = 555D8B172C7F931D0051CD0F /* ContentView.swift */; };
		555D8B1C2C7F931E0051CD0F /* Assets.xcassets in Resources */ = {isa = PBXBuildFile; fileRef = 555D8B1B2C7F931E0051CD0F /* Assets.xcassets */; };
		555D8B1F2C7F931E0051CD0F /* Preview Assets.xcassets in Resources */ = {isa = PBXBuildFile; fileRef = 555D8B1E2C7F931E0051CD0F /* Preview Assets.xcassets */; };
		55ECE09C273C853600842DCC /* README.md in Resources */ = {isa = PBXBuildFile; fileRef = 55ECE09B273C853600842DCC /* README.md */; };
		55ECE0B1273C8E6E00842DCC /* RKAssetLoading in Frameworks */ = {isa = PBXBuildFile; productRef = 55ECE0B0273C8E6E00842DCC /* RKAssetLoading */; };
/* End PBXBuildFile section */

/* Begin PBXFileReference section */
		5518FAE02C7F934F00E2B7CC /* ARSUIView.swift */ = {isa = PBXFileReference; fileEncoding = 4; lastKnownFileType = sourcecode.swift; path = ARSUIView.swift; sourceTree = "<group>"; };
		5518FAE12C7F934F00E2B7CC /* ContentView.swift */ = {isa = PBXFileReference; fileEncoding = 4; lastKnownFileType = sourcecode.swift; path = ContentView.swift; sourceTree = "<group>"; };
		5518FAE42C7F934F00E2B7CC /* Preview Assets.xcassets */ = {isa = PBXFileReference; lastKnownFileType = folder.assetcatalog; path = "Preview Assets.xcassets"; sourceTree = "<group>"; };
		5518FAE62C7F934F00E2B7CC /* cupcake.usdz */ = {isa = PBXFileReference; lastKnownFileType = file.usdz; path = cupcake.usdz; sourceTree = "<group>"; };
		5518FAE72C7F934F00E2B7CC /* rocket.usdz */ = {isa = PBXFileReference; lastKnownFileType = file.usdz; path = rocket.usdz; sourceTree = "<group>"; };
		5518FAEA2C7F934F00E2B7CC /* ItemsView.swift */ = {isa = PBXFileReference; fileEncoding = 4; lastKnownFileType = sourcecode.swift; path = ItemsView.swift; sourceTree = "<group>"; };
		5518FAEC2C7F934F00E2B7CC /* AppDelegate.swift */ = {isa = PBXFileReference; fileEncoding = 4; lastKnownFileType = sourcecode.swift; path = AppDelegate.swift; sourceTree = "<group>"; };
		5518FAED2C7F934F00E2B7CC /* Assets.xcassets */ = {isa = PBXFileReference; lastKnownFileType = folder.assetcatalog; path = Assets.xcassets; sourceTree = "<group>"; };
		5518FAEE2C7F934F00E2B7CC /* Info.plist */ = {isa = PBXFileReference; fileEncoding = 4; lastKnownFileType = text.plist.xml; path = Info.plist; sourceTree = "<group>"; };
		5556FF1829A01B9B00A2DAA3 /* RKFade */ = {isa = PBXFileReference; lastKnownFileType = wrapper; name = RKFade; path = ..; sourceTree = "<group>"; };
		555D8B102C7F931D0051CD0F /* VisionOS_Example.app */ = {isa = PBXFileReference; explicitFileType = wrapper.application; includeInIndex = 0; path = VisionOS_Example.app; sourceTree = BUILT_PRODUCTS_DIR; };
		555D8B122C7F931D0051CD0F /* RealityKitContent */ = {isa = PBXFileReference; lastKnownFileType = wrapper; name = RealityKitContent; path = Packages/RealityKitContent; sourceTree = "<group>"; };
		555D8B152C7F931D0051CD0F /* VisionOS_ExampleApp.swift */ = {isa = PBXFileReference; lastKnownFileType = sourcecode.swift; path = VisionOS_ExampleApp.swift; sourceTree = "<group>"; };
		555D8B172C7F931D0051CD0F /* ContentView.swift */ = {isa = PBXFileReference; lastKnownFileType = sourcecode.swift; path = ContentView.swift; sourceTree = "<group>"; };
		555D8B1B2C7F931E0051CD0F /* Assets.xcassets */ = {isa = PBXFileReference; lastKnownFileType = folder.assetcatalog; path = Assets.xcassets; sourceTree = "<group>"; };
		555D8B1E2C7F931E0051CD0F /* Preview Assets.xcassets */ = {isa = PBXFileReference; lastKnownFileType = folder.assetcatalog; path = "Preview Assets.xcassets"; sourceTree = "<group>"; };
		555D8B202C7F931E0051CD0F /* Info.plist */ = {isa = PBXFileReference; lastKnownFileType = text.plist.xml; path = Info.plist; sourceTree = "<group>"; };
		55BFE66525D2200F00E2BB8C /* iOS_Example.app */ = {isa = PBXFileReference; explicitFileType = wrapper.application; includeInIndex = 0; path = iOS_Example.app; sourceTree = BUILT_PRODUCTS_DIR; };
		55ECE09B273C853600842DCC /* README.md */ = {isa = PBXFileReference; fileEncoding = 4; lastKnownFileType = net.daringfireball.markdown; name = README.md; path = ../README.md; sourceTree = "<group>"; };
/* End PBXFileReference section */

/* Begin PBXFrameworksBuildPhase section */
		555D8B0D2C7F931D0051CD0F /* Frameworks */ = {
			isa = PBXFrameworksBuildPhase;
			buildActionMask = 2147483647;
			files = (
				555D8B142C7F931D0051CD0F /* RealityKitContent in Frameworks */,
				5518FAFD2C7F949B00E2B7CC /* RKFade in Frameworks */,
			);
			runOnlyForDeploymentPostprocessing = 0;
		};
		55BFE66225D2200F00E2BB8C /* Frameworks */ = {
			isa = PBXFrameworksBuildPhase;
			buildActionMask = 2147483647;
			files = (
				55ECE0B1273C8E6E00842DCC /* RKAssetLoading in Frameworks */,
				5556FF1B29A01BBD00A2DAA3 /* RKFade in Frameworks */,
			);
			runOnlyForDeploymentPostprocessing = 0;
		};
/* End PBXFrameworksBuildPhase section */

/* Begin PBXGroup section */
		5518FAE32C7F934F00E2B7CC /* LICENSE */ = {
			isa = PBXGroup;
			children = (
			);
			path = LICENSE;
			sourceTree = "<group>";
		};
		5518FAE52C7F934F00E2B7CC /* Preview Content */ = {
			isa = PBXGroup;
			children = (
				5518FAE42C7F934F00E2B7CC /* Preview Assets.xcassets */,
			);
			path = "Preview Content";
			sourceTree = "<group>";
		};
		5518FAE82C7F934F00E2B7CC /* Resources */ = {
			isa = PBXGroup;
			children = (
				5518FAE62C7F934F00E2B7CC /* cupcake.usdz */,
				5518FAE72C7F934F00E2B7CC /* rocket.usdz */,
			);
			path = Resources;
			sourceTree = "<group>";
		};
		5518FAEF2C7F934F00E2B7CC /* iOS_Example */ = {
			isa = PBXGroup;
			children = (
				5518FAE12C7F934F00E2B7CC /* ContentView.swift */,
				5518FAE02C7F934F00E2B7CC /* ARSUIView.swift */,
				5518FAE32C7F934F00E2B7CC /* LICENSE */,
				5518FAE52C7F934F00E2B7CC /* Preview Content */,
				5518FAEC2C7F934F00E2B7CC /* AppDelegate.swift */,
				5518FAED2C7F934F00E2B7CC /* Assets.xcassets */,
				5518FAEE2C7F934F00E2B7CC /* Info.plist */,
			);
			path = iOS_Example;
			sourceTree = "<group>";
		};
		5556FF1729A01B9B00A2DAA3 /* Packages */ = {
			isa = PBXGroup;
			children = (
				5556FF1829A01B9B00A2DAA3 /* RKFade */,
				555D8B122C7F931D0051CD0F /* RealityKitContent */,
			);
			name = Packages;
			sourceTree = "<group>";
		};
		5556FF1929A01BBD00A2DAA3 /* Frameworks */ = {
			isa = PBXGroup;
			children = (
			);
			name = Frameworks;
			sourceTree = "<group>";
		};
		555D8B112C7F931D0051CD0F /* VisionOS_Example */ = {
			isa = PBXGroup;
			children = (
				555D8B152C7F931D0051CD0F /* VisionOS_ExampleApp.swift */,
				555D8B172C7F931D0051CD0F /* ContentView.swift */,
				5518FAEA2C7F934F00E2B7CC /* ItemsView.swift */,
				555D8B1B2C7F931E0051CD0F /* Assets.xcassets */,
				555D8B202C7F931E0051CD0F /* Info.plist */,
				555D8B1D2C7F931E0051CD0F /* Preview Content */,
			);
			path = VisionOS_Example;
			sourceTree = "<group>";
		};
		555D8B1D2C7F931E0051CD0F /* Preview Content */ = {
			isa = PBXGroup;
			children = (
				555D8B1E2C7F931E0051CD0F /* Preview Assets.xcassets */,
			);
			path = "Preview Content";
			sourceTree = "<group>";
		};
		55BFE65C25D2200F00E2BB8C = {
			isa = PBXGroup;
			children = (
				5556FF1729A01B9B00A2DAA3 /* Packages */,
				55ECE09B273C853600842DCC /* README.md */,
				5518FAE82C7F934F00E2B7CC /* Resources */,
				5518FAEF2C7F934F00E2B7CC /* iOS_Example */,
				555D8B112C7F931D0051CD0F /* VisionOS_Example */,
				55BFE66625D2200F00E2BB8C /* Products */,
				5556FF1929A01BBD00A2DAA3 /* Frameworks */,
			);
			sourceTree = "<group>";
		};
		55BFE66625D2200F00E2BB8C /* Products */ = {
			isa = PBXGroup;
			children = (
				55BFE66525D2200F00E2BB8C /* iOS_Example.app */,
				555D8B102C7F931D0051CD0F /* VisionOS_Example.app */,
			);
			name = Products;
			sourceTree = "<group>";
		};
/* End PBXGroup section */

/* Begin PBXNativeTarget section */
		555D8B0F2C7F931D0051CD0F /* VisionOS_Example */ = {
			isa = PBXNativeTarget;
			buildConfigurationList = 555D8B212C7F931E0051CD0F /* Build configuration list for PBXNativeTarget "VisionOS_Example" */;
			buildPhases = (
				555D8B0C2C7F931D0051CD0F /* Sources */,
				555D8B0D2C7F931D0051CD0F /* Frameworks */,
				555D8B0E2C7F931D0051CD0F /* Resources */,
			);
			buildRules = (
			);
			dependencies = (
			);
			name = VisionOS_Example;
			packageProductDependencies = (
				555D8B132C7F931D0051CD0F /* RealityKitContent */,
				5518FAFC2C7F949B00E2B7CC /* RKFade */,
			);
			productName = VisionOS_Example;
			productReference = 555D8B102C7F931D0051CD0F /* VisionOS_Example.app */;
			productType = "com.apple.product-type.application";
		};
		55BFE66425D2200F00E2BB8C /* iOS_Example */ = {
			isa = PBXNativeTarget;
			buildConfigurationList = 55BFE67625D2201000E2BB8C /* Build configuration list for PBXNativeTarget "iOS_Example" */;
			buildPhases = (
				55BFE66125D2200F00E2BB8C /* Sources */,
				55BFE66225D2200F00E2BB8C /* Frameworks */,
				55BFE66325D2200F00E2BB8C /* Resources */,
			);
			buildRules = (
			);
			dependencies = (
			);
			name = iOS_Example;
			packageProductDependencies = (
				55ECE0B0273C8E6E00842DCC /* RKAssetLoading */,
				5556FF1A29A01BBD00A2DAA3 /* RKFade */,
			);
			productName = "Sound Localization";
			productReference = 55BFE66525D2200F00E2BB8C /* iOS_Example.app */;
			productType = "com.apple.product-type.application";
		};
/* End PBXNativeTarget section */

/* Begin PBXProject section */
		55BFE65D25D2200F00E2BB8C /* Project object */ = {
			isa = PBXProject;
			attributes = {
				LastSwiftUpdateCheck = 1540;
				LastUpgradeCheck = 1230;
				TargetAttributes = {
					555D8B0F2C7F931D0051CD0F = {
						CreatedOnToolsVersion = 15.4;
					};
					55BFE66425D2200F00E2BB8C = {
						CreatedOnToolsVersion = 12.3;
					};
				};
			};
			buildConfigurationList = 55BFE66025D2200F00E2BB8C /* Build configuration list for PBXProject "Example" */;
			compatibilityVersion = "Xcode 9.3";
			developmentRegion = en;
			hasScannedForEncodings = 0;
			knownRegions = (
				en,
				Base,
			);
			mainGroup = 55BFE65C25D2200F00E2BB8C;
			packageReferences = (
				55ECE0AF273C8E6E00842DCC /* XCRemoteSwiftPackageReference "RealityKit-Asset-Loading" */,
			);
			productRefGroup = 55BFE66625D2200F00E2BB8C /* Products */;
			projectDirPath = "";
			projectRoot = "";
			targets = (
				55BFE66425D2200F00E2BB8C /* iOS_Example */,
				555D8B0F2C7F931D0051CD0F /* VisionOS_Example */,
			);
		};
/* End PBXProject section */

/* Begin PBXResourcesBuildPhase section */
		555D8B0E2C7F931D0051CD0F /* Resources */ = {
			isa = PBXResourcesBuildPhase;
			buildActionMask = 2147483647;
			files = (
				555D8B1F2C7F931E0051CD0F /* Preview Assets.xcassets in Resources */,
				555D8B1C2C7F931E0051CD0F /* Assets.xcassets in Resources */,
			);
			runOnlyForDeploymentPostprocessing = 0;
		};
		55BFE66325D2200F00E2BB8C /* Resources */ = {
			isa = PBXResourcesBuildPhase;
			buildActionMask = 2147483647;
			files = (
				5518FAF22C7F934F00E2B7CC /* Preview Assets.xcassets in Resources */,
				5518FAF32C7F934F00E2B7CC /* cupcake.usdz in Resources */,
				55ECE09C273C853600842DCC /* README.md in Resources */,
				5518FAF42C7F934F00E2B7CC /* rocket.usdz in Resources */,
				5518FAF82C7F934F00E2B7CC /* Assets.xcassets in Resources */,
			);
			runOnlyForDeploymentPostprocessing = 0;
		};
/* End PBXResourcesBuildPhase section */

/* Begin PBXSourcesBuildPhase section */
		555D8B0C2C7F931D0051CD0F /* Sources */ = {
			isa = PBXSourcesBuildPhase;
			buildActionMask = 2147483647;
			files = (
				555D8B182C7F931D0051CD0F /* ContentView.swift in Sources */,
				555D8B162C7F931D0051CD0F /* VisionOS_ExampleApp.swift in Sources */,
				5518FAFB2C7F938C00E2B7CC /* ItemsView.swift in Sources */,
			);
			runOnlyForDeploymentPostprocessing = 0;
		};
		55BFE66125D2200F00E2BB8C /* Sources */ = {
			isa = PBXSourcesBuildPhase;
			buildActionMask = 2147483647;
			files = (
				5518FAF12C7F934F00E2B7CC /* ContentView.swift in Sources */,
				5518FAF02C7F934F00E2B7CC /* ARSUIView.swift in Sources */,
				5518FAF72C7F934F00E2B7CC /* AppDelegate.swift in Sources */,
			);
			runOnlyForDeploymentPostprocessing = 0;
		};
/* End PBXSourcesBuildPhase section */

/* Begin XCBuildConfiguration section */
		555D8B222C7F931E0051CD0F /* Debug */ = {
			isa = XCBuildConfiguration;
			buildSettings = {
				ASSETCATALOG_COMPILER_APPICON_NAME = AppIcon;
				ASSETCATALOG_COMPILER_GENERATE_SWIFT_ASSET_SYMBOL_EXTENSIONS = YES;
				ASSETCATALOG_COMPILER_GLOBAL_ACCENT_COLOR_NAME = AccentColor;
				CLANG_CXX_LANGUAGE_STANDARD = "gnu++20";
				CODE_SIGN_STYLE = Automatic;
				CURRENT_PROJECT_VERSION = 1;
				DEVELOPMENT_ASSET_PATHS = "\"VisionOS_Example/Preview Content\"";
				DEVELOPMENT_TEAM = 9792AFNZU9;
				ENABLE_PREVIEWS = YES;
				ENABLE_USER_SCRIPT_SANDBOXING = YES;
				GCC_C_LANGUAGE_STANDARD = gnu17;
				GENERATE_INFOPLIST_FILE = YES;
				INFOPLIST_FILE = "$(TARGET_NAME)/Info.plist";
				LD_RUNPATH_SEARCH_PATHS = (
					"$(inherited)",
					"@executable_path/Frameworks",
				);
				LOCALIZATION_PREFERS_STRING_CATALOGS = YES;
				MARKETING_VERSION = 1.0;
				PRODUCT_BUNDLE_IDENTIFIER = "org.RealityStudio.VisionOS-Example";
				PRODUCT_NAME = "$(TARGET_NAME)";
				SDKROOT = xros;
				SUPPORTED_PLATFORMS = "xros xrsimulator";
				SWIFT_ACTIVE_COMPILATION_CONDITIONS = "DEBUG $(inherited)";
				SWIFT_EMIT_LOC_STRINGS = YES;
				SWIFT_VERSION = 5.0;
				TARGETED_DEVICE_FAMILY = "1,2,7";
				XROS_DEPLOYMENT_TARGET = 1.2;
			};
			name = Debug;
		};
		555D8B232C7F931E0051CD0F /* Release */ = {
			isa = XCBuildConfiguration;
			buildSettings = {
				ASSETCATALOG_COMPILER_APPICON_NAME = AppIcon;
				ASSETCATALOG_COMPILER_GENERATE_SWIFT_ASSET_SYMBOL_EXTENSIONS = YES;
				ASSETCATALOG_COMPILER_GLOBAL_ACCENT_COLOR_NAME = AccentColor;
				CLANG_CXX_LANGUAGE_STANDARD = "gnu++20";
				CODE_SIGN_STYLE = Automatic;
				CURRENT_PROJECT_VERSION = 1;
				DEVELOPMENT_ASSET_PATHS = "\"VisionOS_Example/Preview Content\"";
				DEVELOPMENT_TEAM = 9792AFNZU9;
				ENABLE_PREVIEWS = YES;
				ENABLE_USER_SCRIPT_SANDBOXING = YES;
				GCC_C_LANGUAGE_STANDARD = gnu17;
				GENERATE_INFOPLIST_FILE = YES;
				INFOPLIST_FILE = "$(TARGET_NAME)/Info.plist";
				LD_RUNPATH_SEARCH_PATHS = (
					"$(inherited)",
					"@executable_path/Frameworks",
				);
				LOCALIZATION_PREFERS_STRING_CATALOGS = YES;
				MARKETING_VERSION = 1.0;
				PRODUCT_BUNDLE_IDENTIFIER = "org.RealityStudio.VisionOS-Example";
				PRODUCT_NAME = "$(TARGET_NAME)";
				SDKROOT = xros;
				SUPPORTED_PLATFORMS = "xros xrsimulator";
				SWIFT_EMIT_LOC_STRINGS = YES;
				SWIFT_VERSION = 5.0;
				TARGETED_DEVICE_FAMILY = "1,2,7";
				XROS_DEPLOYMENT_TARGET = 1.2;
			};
			name = Release;
		};
		55BFE67425D2201000E2BB8C /* Debug */ = {
			isa = XCBuildConfiguration;
			buildSettings = {
				ALWAYS_SEARCH_USER_PATHS = NO;
				CLANG_ANALYZER_NONNULL = YES;
				CLANG_ANALYZER_NUMBER_OBJECT_CONVERSION = YES_AGGRESSIVE;
				CLANG_CXX_LANGUAGE_STANDARD = "gnu++14";
				CLANG_CXX_LIBRARY = "libc++";
				CLANG_ENABLE_MODULES = YES;
				CLANG_ENABLE_OBJC_ARC = YES;
				CLANG_ENABLE_OBJC_WEAK = YES;
				CLANG_WARN_BLOCK_CAPTURE_AUTORELEASING = YES;
				CLANG_WARN_BOOL_CONVERSION = YES;
				CLANG_WARN_COMMA = YES;
				CLANG_WARN_CONSTANT_CONVERSION = YES;
				CLANG_WARN_DEPRECATED_OBJC_IMPLEMENTATIONS = YES;
				CLANG_WARN_DIRECT_OBJC_ISA_USAGE = YES_ERROR;
				CLANG_WARN_DOCUMENTATION_COMMENTS = YES;
				CLANG_WARN_EMPTY_BODY = YES;
				CLANG_WARN_ENUM_CONVERSION = YES;
				CLANG_WARN_INFINITE_RECURSION = YES;
				CLANG_WARN_INT_CONVERSION = YES;
				CLANG_WARN_NON_LITERAL_NULL_CONVERSION = YES;
				CLANG_WARN_OBJC_IMPLICIT_RETAIN_SELF = YES;
				CLANG_WARN_OBJC_LITERAL_CONVERSION = YES;
				CLANG_WARN_OBJC_ROOT_CLASS = YES_ERROR;
				CLANG_WARN_QUOTED_INCLUDE_IN_FRAMEWORK_HEADER = YES;
				CLANG_WARN_RANGE_LOOP_ANALYSIS = YES;
				CLANG_WARN_STRICT_PROTOTYPES = YES;
				CLANG_WARN_SUSPICIOUS_MOVE = YES;
				CLANG_WARN_UNGUARDED_AVAILABILITY = YES_AGGRESSIVE;
				CLANG_WARN_UNREACHABLE_CODE = YES;
				CLANG_WARN__DUPLICATE_METHOD_MATCH = YES;
				COPY_PHASE_STRIP = NO;
				DEBUG_INFORMATION_FORMAT = dwarf;
				ENABLE_STRICT_OBJC_MSGSEND = YES;
				ENABLE_TESTABILITY = YES;
				GCC_C_LANGUAGE_STANDARD = gnu11;
				GCC_DYNAMIC_NO_PIC = NO;
				GCC_NO_COMMON_BLOCKS = YES;
				GCC_OPTIMIZATION_LEVEL = 0;
				GCC_PREPROCESSOR_DEFINITIONS = (
					"DEBUG=1",
					"$(inherited)",
				);
				GCC_WARN_64_TO_32_BIT_CONVERSION = YES;
				GCC_WARN_ABOUT_RETURN_TYPE = YES_ERROR;
				GCC_WARN_UNDECLARED_SELECTOR = YES;
				GCC_WARN_UNINITIALIZED_AUTOS = YES_AGGRESSIVE;
				GCC_WARN_UNUSED_FUNCTION = YES;
				GCC_WARN_UNUSED_VARIABLE = YES;
				IPHONEOS_DEPLOYMENT_TARGET = 14.0;
				MTL_ENABLE_DEBUG_INFO = INCLUDE_SOURCE;
				MTL_FAST_MATH = YES;
				ONLY_ACTIVE_ARCH = YES;
				SDKROOT = iphoneos;
				SWIFT_ACTIVE_COMPILATION_CONDITIONS = DEBUG;
				SWIFT_OPTIMIZATION_LEVEL = "-Onone";
			};
			name = Debug;
		};
		55BFE67525D2201000E2BB8C /* Release */ = {
			isa = XCBuildConfiguration;
			buildSettings = {
				ALWAYS_SEARCH_USER_PATHS = NO;
				CLANG_ANALYZER_NONNULL = YES;
				CLANG_ANALYZER_NUMBER_OBJECT_CONVERSION = YES_AGGRESSIVE;
				CLANG_CXX_LANGUAGE_STANDARD = "gnu++14";
				CLANG_CXX_LIBRARY = "libc++";
				CLANG_ENABLE_MODULES = YES;
				CLANG_ENABLE_OBJC_ARC = YES;
				CLANG_ENABLE_OBJC_WEAK = YES;
				CLANG_WARN_BLOCK_CAPTURE_AUTORELEASING = YES;
				CLANG_WARN_BOOL_CONVERSION = YES;
				CLANG_WARN_COMMA = YES;
				CLANG_WARN_CONSTANT_CONVERSION = YES;
				CLANG_WARN_DEPRECATED_OBJC_IMPLEMENTATIONS = YES;
				CLANG_WARN_DIRECT_OBJC_ISA_USAGE = YES_ERROR;
				CLANG_WARN_DOCUMENTATION_COMMENTS = YES;
				CLANG_WARN_EMPTY_BODY = YES;
				CLANG_WARN_ENUM_CONVERSION = YES;
				CLANG_WARN_INFINITE_RECURSION = YES;
				CLANG_WARN_INT_CONVERSION = YES;
				CLANG_WARN_NON_LITERAL_NULL_CONVERSION = YES;
				CLANG_WARN_OBJC_IMPLICIT_RETAIN_SELF = YES;
				CLANG_WARN_OBJC_LITERAL_CONVERSION = YES;
				CLANG_WARN_OBJC_ROOT_CLASS = YES_ERROR;
				CLANG_WARN_QUOTED_INCLUDE_IN_FRAMEWORK_HEADER = YES;
				CLANG_WARN_RANGE_LOOP_ANALYSIS = YES;
				CLANG_WARN_STRICT_PROTOTYPES = YES;
				CLANG_WARN_SUSPICIOUS_MOVE = YES;
				CLANG_WARN_UNGUARDED_AVAILABILITY = YES_AGGRESSIVE;
				CLANG_WARN_UNREACHABLE_CODE = YES;
				CLANG_WARN__DUPLICATE_METHOD_MATCH = YES;
				COPY_PHASE_STRIP = NO;
				DEBUG_INFORMATION_FORMAT = "dwarf-with-dsym";
				ENABLE_NS_ASSERTIONS = NO;
				ENABLE_STRICT_OBJC_MSGSEND = YES;
				GCC_C_LANGUAGE_STANDARD = gnu11;
				GCC_NO_COMMON_BLOCKS = YES;
				GCC_WARN_64_TO_32_BIT_CONVERSION = YES;
				GCC_WARN_ABOUT_RETURN_TYPE = YES_ERROR;
				GCC_WARN_UNDECLARED_SELECTOR = YES;
				GCC_WARN_UNINITIALIZED_AUTOS = YES_AGGRESSIVE;
				GCC_WARN_UNUSED_FUNCTION = YES;
				GCC_WARN_UNUSED_VARIABLE = YES;
				IPHONEOS_DEPLOYMENT_TARGET = 14.0;
				MTL_ENABLE_DEBUG_INFO = NO;
				MTL_FAST_MATH = YES;
				SDKROOT = iphoneos;
				SWIFT_COMPILATION_MODE = wholemodule;
				SWIFT_OPTIMIZATION_LEVEL = "-O";
				VALIDATE_PRODUCT = YES;
			};
			name = Release;
		};
		55BFE67725D2201000E2BB8C /* Debug */ = {
			isa = XCBuildConfiguration;
			buildSettings = {
				ASSETCATALOG_COMPILER_APPICON_NAME = AppIcon;
				ASSETCATALOG_COMPILER_GLOBAL_ACCENT_COLOR_NAME = AccentColor;
				CODE_SIGN_STYLE = Automatic;
				DEVELOPMENT_ASSET_PATHS = "\"iOS_Example/Preview Content\"";
				DEVELOPMENT_TEAM = 9792AFNZU9;
				ENABLE_PREVIEWS = YES;
				INFOPLIST_FILE = iOS_Example/Info.plist;
				INFOPLIST_KEY_CFBundleDisplayName = Fade;
				IPHONEOS_DEPLOYMENT_TARGET = 15.0;
				LD_RUNPATH_SEARCH_PATHS = (
					"$(inherited)",
					"@executable_path/Frameworks",
				);
				PRODUCT_BUNDLE_IDENTIFIER = "com.GJ.AR-Test.Sound-Localization";
				PRODUCT_NAME = "$(TARGET_NAME)";
				SWIFT_VERSION = 5.0;
				TARGETED_DEVICE_FAMILY = "1,2";
			};
			name = Debug;
		};
		55BFE67825D2201000E2BB8C /* Release */ = {
			isa = XCBuildConfiguration;
			buildSettings = {
				ASSETCATALOG_COMPILER_APPICON_NAME = AppIcon;
				ASSETCATALOG_COMPILER_GLOBAL_ACCENT_COLOR_NAME = AccentColor;
				CODE_SIGN_STYLE = Automatic;
				DEVELOPMENT_ASSET_PATHS = "\"iOS_Example/Preview Content\"";
				DEVELOPMENT_TEAM = 9792AFNZU9;
				ENABLE_PREVIEWS = YES;
				INFOPLIST_FILE = iOS_Example/Info.plist;
				INFOPLIST_KEY_CFBundleDisplayName = Fade;
				IPHONEOS_DEPLOYMENT_TARGET = 15.0;
				LD_RUNPATH_SEARCH_PATHS = (
					"$(inherited)",
					"@executable_path/Frameworks",
				);
				PRODUCT_BUNDLE_IDENTIFIER = "com.GJ.AR-Test.Sound-Localization";
				PRODUCT_NAME = "$(TARGET_NAME)";
				SWIFT_VERSION = 5.0;
				TARGETED_DEVICE_FAMILY = "1,2";
			};
			name = Release;
		};
/* End XCBuildConfiguration section */

/* Begin XCConfigurationList section */
		555D8B212C7F931E0051CD0F /* Build configuration list for PBXNativeTarget "VisionOS_Example" */ = {
			isa = XCConfigurationList;
			buildConfigurations = (
				555D8B222C7F931E0051CD0F /* Debug */,
				555D8B232C7F931E0051CD0F /* Release */,
			);
			defaultConfigurationIsVisible = 0;
			defaultConfigurationName = Release;
		};
		55BFE66025D2200F00E2BB8C /* Build configuration list for PBXProject "Example" */ = {
			isa = XCConfigurationList;
			buildConfigurations = (
				55BFE67425D2201000E2BB8C /* Debug */,
				55BFE67525D2201000E2BB8C /* Release */,
			);
			defaultConfigurationIsVisible = 0;
			defaultConfigurationName = Release;
		};
		55BFE67625D2201000E2BB8C /* Build configuration list for PBXNativeTarget "iOS_Example" */ = {
			isa = XCConfigurationList;
			buildConfigurations = (
				55BFE67725D2201000E2BB8C /* Debug */,
				55BFE67825D2201000E2BB8C /* Release */,
			);
			defaultConfigurationIsVisible = 0;
			defaultConfigurationName = Release;
		};
/* End XCConfigurationList section */

/* Begin XCRemoteSwiftPackageReference section */
		55ECE0AF273C8E6E00842DCC /* XCRemoteSwiftPackageReference "RealityKit-Asset-Loading" */ = {
			isa = XCRemoteSwiftPackageReference;
			repositoryURL = "https://github.com/Reality-Dev/RealityKit-Asset-Loading";
			requirement = {
				kind = upToNextMajorVersion;
				minimumVersion = 1.0.0;
			};
		};
/* End XCRemoteSwiftPackageReference section */

/* Begin XCSwiftPackageProductDependency section */
		5518FAFC2C7F949B00E2B7CC /* RKFade */ = {
			isa = XCSwiftPackageProductDependency;
			productName = RKFade;
		};
		5556FF1A29A01BBD00A2DAA3 /* RKFade */ = {
			isa = XCSwiftPackageProductDependency;
			productName = RKFade;
		};
		555D8B132C7F931D0051CD0F /* RealityKitContent */ = {
			isa = XCSwiftPackageProductDependency;
			productName = RealityKitContent;
		};
		55ECE0B0273C8E6E00842DCC /* RKAssetLoading */ = {
			isa = XCSwiftPackageProductDependency;
			package = 55ECE0AF273C8E6E00842DCC /* XCRemoteSwiftPackageReference "RealityKit-Asset-Loading" */;
			productName = RKAssetLoading;
		};
/* End XCSwiftPackageProductDependency section */
	};
	rootObject = 55BFE65D25D2200F00E2BB8C /* Project object */;
}
