// !$*UTF8*$!
{
	archiveVersion = 1;
	classes = {
	};
	objectVersion = 52;
	objects = {

/* Begin PBXBuildFile section */
		55DF1787273C9E0A00BB73B8 /* gold_star.usdz in Resources */ = {isa = PBXBuildFile; fileRef = 55DF1786273C9E0A00BB73B8 /* gold_star.usdz */; };
		55ECE090273C82E000842DCC /* Assets.xcassets in Resources */ = {isa = PBXBuildFile; fileRef = 55ECE088273C82E000842DCC /* Assets.xcassets */; };
		55ECE091273C82E000842DCC /* Preview Assets.xcassets in Resources */ = {isa = PBXBuildFile; fileRef = 55ECE08A273C82E000842DCC /* Preview Assets.xcassets */; };
		55ECE092273C82E000842DCC /* ARSUIView.swift in Sources */ = {isa = PBXBuildFile; fileRef = 55ECE08B273C82E000842DCC /* ARSUIView.swift */; };
		55ECE093273C82E000842DCC /* AppDelegate.swift in Sources */ = {isa = PBXBuildFile; fileRef = 55ECE08C273C82E000842DCC /* AppDelegate.swift */; };
		55ECE094273C82E000842DCC /* ContentView.swift in Sources */ = {isa = PBXBuildFile; fileRef = 55ECE08D273C82E000842DCC /* ContentView.swift */; };
		55ECE09A273C850C00842DCC /* RKFade.swift in Sources */ = {isa = PBXBuildFile; fileRef = 55ECE099273C850C00842DCC /* RKFade.swift */; };
		55ECE09C273C853600842DCC /* README.md in Resources */ = {isa = PBXBuildFile; fileRef = 55ECE09B273C853600842DCC /* README.md */; };
		55ECE0A2273C887900842DCC /* LICENSE.txt in Resources */ = {isa = PBXBuildFile; fileRef = 55ECE0A1273C887900842DCC /* LICENSE.txt */; };
		55ECE0B1273C8E6E00842DCC /* RKAssetLoading in Frameworks */ = {isa = PBXBuildFile; productRef = 55ECE0B0273C8E6E00842DCC /* RKAssetLoading */; };
/* End PBXBuildFile section */

/* Begin PBXFileReference section */
		55BFE66525D2200F00E2BB8C /* RKFade.app */ = {isa = PBXFileReference; explicitFileType = wrapper.application; includeInIndex = 0; path = RKFade.app; sourceTree = BUILT_PRODUCTS_DIR; };
		55DF1786273C9E0A00BB73B8 /* gold_star.usdz */ = {isa = PBXFileReference; lastKnownFileType = file.usdz; path = gold_star.usdz; sourceTree = "<group>"; };
		55ECE088273C82E000842DCC /* Assets.xcassets */ = {isa = PBXFileReference; lastKnownFileType = folder.assetcatalog; path = Assets.xcassets; sourceTree = "<group>"; };
		55ECE08A273C82E000842DCC /* Preview Assets.xcassets */ = {isa = PBXFileReference; lastKnownFileType = folder.assetcatalog; path = "Preview Assets.xcassets"; sourceTree = "<group>"; };
		55ECE08B273C82E000842DCC /* ARSUIView.swift */ = {isa = PBXFileReference; fileEncoding = 4; lastKnownFileType = sourcecode.swift; path = ARSUIView.swift; sourceTree = "<group>"; };
		55ECE08C273C82E000842DCC /* AppDelegate.swift */ = {isa = PBXFileReference; fileEncoding = 4; lastKnownFileType = sourcecode.swift; path = AppDelegate.swift; sourceTree = "<group>"; };
		55ECE08D273C82E000842DCC /* ContentView.swift */ = {isa = PBXFileReference; fileEncoding = 4; lastKnownFileType = sourcecode.swift; path = ContentView.swift; sourceTree = "<group>"; };
		55ECE08E273C82E000842DCC /* Info.plist */ = {isa = PBXFileReference; fileEncoding = 4; lastKnownFileType = text.plist.xml; path = Info.plist; sourceTree = "<group>"; };
		55ECE099273C850C00842DCC /* RKFade.swift */ = {isa = PBXFileReference; fileEncoding = 4; lastKnownFileType = sourcecode.swift; path = RKFade.swift; sourceTree = "<group>"; };
		55ECE09B273C853600842DCC /* README.md */ = {isa = PBXFileReference; fileEncoding = 4; lastKnownFileType = net.daringfireball.markdown; name = README.md; path = ../README.md; sourceTree = "<group>"; };
		55ECE0A1273C887900842DCC /* LICENSE.txt */ = {isa = PBXFileReference; fileEncoding = 4; lastKnownFileType = text; path = LICENSE.txt; sourceTree = "<group>"; };
/* End PBXFileReference section */

/* Begin PBXFrameworksBuildPhase section */
		55BFE66225D2200F00E2BB8C /* Frameworks */ = {
			isa = PBXFrameworksBuildPhase;
			buildActionMask = 2147483647;
			files = (
				55ECE0B1273C8E6E00842DCC /* RKAssetLoading in Frameworks */,
			);
			runOnlyForDeploymentPostprocessing = 0;
		};
/* End PBXFrameworksBuildPhase section */

/* Begin PBXGroup section */
		55BFE65C25D2200F00E2BB8C = {
			isa = PBXGroup;
			children = (
				55ECE09B273C853600842DCC /* README.md */,
				55ECE086273C82E000842DCC /* RKFade */,
				55BFE66625D2200F00E2BB8C /* Products */,
			);
			sourceTree = "<group>";
		};
		55BFE66625D2200F00E2BB8C /* Products */ = {
			isa = PBXGroup;
			children = (
				55BFE66525D2200F00E2BB8C /* RKFade.app */,
			);
			name = Products;
			sourceTree = "<group>";
		};
		55ECE086273C82E000842DCC /* RKFade */ = {
			isa = PBXGroup;
			children = (
				55ECE08C273C82E000842DCC /* AppDelegate.swift */,
				55ECE08D273C82E000842DCC /* ContentView.swift */,
				55ECE08B273C82E000842DCC /* ARSUIView.swift */,
				55DF1786273C9E0A00BB73B8 /* gold_star.usdz */,
				55ECE088273C82E000842DCC /* Assets.xcassets */,
				55ECE089273C82E000842DCC /* Preview Content */,
				55ECE08E273C82E000842DCC /* Info.plist */,
				55ECE0A0273C887900842DCC /* LICENSE */,
				55ECE098273C850C00842DCC /* RKFade */,
			);
			path = RKFade;
			sourceTree = "<group>";
		};
		55ECE089273C82E000842DCC /* Preview Content */ = {
			isa = PBXGroup;
			children = (
				55ECE08A273C82E000842DCC /* Preview Assets.xcassets */,
			);
			path = "Preview Content";
			sourceTree = "<group>";
		};
		55ECE098273C850C00842DCC /* RKFade */ = {
			isa = PBXGroup;
			children = (
				55ECE099273C850C00842DCC /* RKFade.swift */,
			);
			name = RKFade;
			path = ../../Sources/RKFade;
			sourceTree = "<group>";
		};
		55ECE0A0273C887900842DCC /* LICENSE */ = {
			isa = PBXGroup;
			children = (
				55ECE0A1273C887900842DCC /* LICENSE.txt */,
			);
			name = LICENSE;
			path = ../../Sources/LICENSE;
			sourceTree = "<group>";
		};
/* End PBXGroup section */

/* Begin PBXNativeTarget section */
		55BFE66425D2200F00E2BB8C /* RKFade */ = {
			isa = PBXNativeTarget;
			buildConfigurationList = 55BFE67625D2201000E2BB8C /* Build configuration list for PBXNativeTarget "RKFade" */;
			buildPhases = (
				55BFE66125D2200F00E2BB8C /* Sources */,
				55BFE66225D2200F00E2BB8C /* Frameworks */,
				55BFE66325D2200F00E2BB8C /* Resources */,
			);
			buildRules = (
			);
			dependencies = (
			);
			name = RKFade;
			packageProductDependencies = (
				55ECE0B0273C8E6E00842DCC /* RKAssetLoading */,
			);
			productName = "Sound Localization";
			productReference = 55BFE66525D2200F00E2BB8C /* RKFade.app */;
			productType = "com.apple.product-type.application";
		};
/* End PBXNativeTarget section */

/* Begin PBXProject section */
		55BFE65D25D2200F00E2BB8C /* Project object */ = {
			isa = PBXProject;
			attributes = {
				LastSwiftUpdateCheck = 1230;
				LastUpgradeCheck = 1230;
				TargetAttributes = {
					55BFE66425D2200F00E2BB8C = {
						CreatedOnToolsVersion = 12.3;
					};
				};
			};
			buildConfigurationList = 55BFE66025D2200F00E2BB8C /* Build configuration list for PBXProject "RKFade" */;
			compatibilityVersion = "Xcode 9.3";
			developmentRegion = en;
			hasScannedForEncodings = 0;
			knownRegions = (
				en,
				Base,
			);
			mainGroup = 55BFE65C25D2200F00E2BB8C;
			packageReferences = (
				55ECE0AF273C8E6E00842DCC /* XCRemoteSwiftPackageReference "RealityKit-Asset-Loading" */,
			);
			productRefGroup = 55BFE66625D2200F00E2BB8C /* Products */;
			projectDirPath = "";
			projectRoot = "";
			targets = (
				55BFE66425D2200F00E2BB8C /* RKFade */,
			);
		};
/* End PBXProject section */

/* Begin PBXResourcesBuildPhase section */
		55BFE66325D2200F00E2BB8C /* Resources */ = {
			isa = PBXResourcesBuildPhase;
			buildActionMask = 2147483647;
			files = (
				55DF1787273C9E0A00BB73B8 /* gold_star.usdz in Resources */,
				55ECE091273C82E000842DCC /* Preview Assets.xcassets in Resources */,
				55ECE090273C82E000842DCC /* Assets.xcassets in Resources */,
				55ECE09C273C853600842DCC /* README.md in Resources */,
				55ECE0A2273C887900842DCC /* LICENSE.txt in Resources */,
			);
			runOnlyForDeploymentPostprocessing = 0;
		};
/* End PBXResourcesBuildPhase section */

/* Begin PBXSourcesBuildPhase section */
		55BFE66125D2200F00E2BB8C /* Sources */ = {
			isa = PBXSourcesBuildPhase;
			buildActionMask = 2147483647;
			files = (
				55ECE09A273C850C00842DCC /* RKFade.swift in Sources */,
				55ECE093273C82E000842DCC /* AppDelegate.swift in Sources */,
				55ECE094273C82E000842DCC /* ContentView.swift in Sources */,
				55ECE092273C82E000842DCC /* ARSUIView.swift in Sources */,
			);
			runOnlyForDeploymentPostprocessing = 0;
		};
/* End PBXSourcesBuildPhase section */

/* Begin XCBuildConfiguration section */
		55BFE67425D2201000E2BB8C /* Debug */ = {
			isa = XCBuildConfiguration;
			buildSettings = {
				ALWAYS_SEARCH_USER_PATHS = NO;
				CLANG_ANALYZER_NONNULL = YES;
				CLANG_ANALYZER_NUMBER_OBJECT_CONVERSION = YES_AGGRESSIVE;
				CLANG_CXX_LANGUAGE_STANDARD = "gnu++14";
				CLANG_CXX_LIBRARY = "libc++";
				CLANG_ENABLE_MODULES = YES;
				CLANG_ENABLE_OBJC_ARC = YES;
				CLANG_ENABLE_OBJC_WEAK = YES;
				CLANG_WARN_BLOCK_CAPTURE_AUTORELEASING = YES;
				CLANG_WARN_BOOL_CONVERSION = YES;
				CLANG_WARN_COMMA = YES;
				CLANG_WARN_CONSTANT_CONVERSION = YES;
				CLANG_WARN_DEPRECATED_OBJC_IMPLEMENTATIONS = YES;
				CLANG_WARN_DIRECT_OBJC_ISA_USAGE = YES_ERROR;
				CLANG_WARN_DOCUMENTATION_COMMENTS = YES;
				CLANG_WARN_EMPTY_BODY = YES;
				CLANG_WARN_ENUM_CONVERSION = YES;
				CLANG_WARN_INFINITE_RECURSION = YES;
				CLANG_WARN_INT_CONVERSION = YES;
				CLANG_WARN_NON_LITERAL_NULL_CONVERSION = YES;
				CLANG_WARN_OBJC_IMPLICIT_RETAIN_SELF = YES;
				CLANG_WARN_OBJC_LITERAL_CONVERSION = YES;
				CLANG_WARN_OBJC_ROOT_CLASS = YES_ERROR;
				CLANG_WARN_QUOTED_INCLUDE_IN_FRAMEWORK_HEADER = YES;
				CLANG_WARN_RANGE_LOOP_ANALYSIS = YES;
				CLANG_WARN_STRICT_PROTOTYPES = YES;
				CLANG_WARN_SUSPICIOUS_MOVE = YES;
				CLANG_WARN_UNGUARDED_AVAILABILITY = YES_AGGRESSIVE;
				CLANG_WARN_UNREACHABLE_CODE = YES;
				CLANG_WARN__DUPLICATE_METHOD_MATCH = YES;
				COPY_PHASE_STRIP = NO;
				DEBUG_INFORMATION_FORMAT = dwarf;
				ENABLE_STRICT_OBJC_MSGSEND = YES;
				ENABLE_TESTABILITY = YES;
				GCC_C_LANGUAGE_STANDARD = gnu11;
				GCC_DYNAMIC_NO_PIC = NO;
				GCC_NO_COMMON_BLOCKS = YES;
				GCC_OPTIMIZATION_LEVEL = 0;
				GCC_PREPROCESSOR_DEFINITIONS = (
					"DEBUG=1",
					"$(inherited)",
				);
				GCC_WARN_64_TO_32_BIT_CONVERSION = YES;
				GCC_WARN_ABOUT_RETURN_TYPE = YES_ERROR;
				GCC_WARN_UNDECLARED_SELECTOR = YES;
				GCC_WARN_UNINITIALIZED_AUTOS = YES_AGGRESSIVE;
				GCC_WARN_UNUSED_FUNCTION = YES;
				GCC_WARN_UNUSED_VARIABLE = YES;
				IPHONEOS_DEPLOYMENT_TARGET = 14.0;
				MTL_ENABLE_DEBUG_INFO = INCLUDE_SOURCE;
				MTL_FAST_MATH = YES;
				ONLY_ACTIVE_ARCH = YES;
				SDKROOT = iphoneos;
				SWIFT_ACTIVE_COMPILATION_CONDITIONS = DEBUG;
				SWIFT_OPTIMIZATION_LEVEL = "-Onone";
			};
			name = Debug;
		};
		55BFE67525D2201000E2BB8C /* Release */ = {
			isa = XCBuildConfiguration;
			buildSettings = {
				ALWAYS_SEARCH_USER_PATHS = NO;
				CLANG_ANALYZER_NONNULL = YES;
				CLANG_ANALYZER_NUMBER_OBJECT_CONVERSION = YES_AGGRESSIVE;
				CLANG_CXX_LANGUAGE_STANDARD = "gnu++14";
				CLANG_CXX_LIBRARY = "libc++";
				CLANG_ENABLE_MODULES = YES;
				CLANG_ENABLE_OBJC_ARC = YES;
				CLANG_ENABLE_OBJC_WEAK = YES;
				CLANG_WARN_BLOCK_CAPTURE_AUTORELEASING = YES;
				CLANG_WARN_BOOL_CONVERSION = YES;
				CLANG_WARN_COMMA = YES;
				CLANG_WARN_CONSTANT_CONVERSION = YES;
				CLANG_WARN_DEPRECATED_OBJC_IMPLEMENTATIONS = YES;
				CLANG_WARN_DIRECT_OBJC_ISA_USAGE = YES_ERROR;
				CLANG_WARN_DOCUMENTATION_COMMENTS = YES;
				CLANG_WARN_EMPTY_BODY = YES;
				CLANG_WARN_ENUM_CONVERSION = YES;
				CLANG_WARN_INFINITE_RECURSION = YES;
				CLANG_WARN_INT_CONVERSION = YES;
				CLANG_WARN_NON_LITERAL_NULL_CONVERSION = YES;
				CLANG_WARN_OBJC_IMPLICIT_RETAIN_SELF = YES;
				CLANG_WARN_OBJC_LITERAL_CONVERSION = YES;
				CLANG_WARN_OBJC_ROOT_CLASS = YES_ERROR;
				CLANG_WARN_QUOTED_INCLUDE_IN_FRAMEWORK_HEADER = YES;
				CLANG_WARN_RANGE_LOOP_ANALYSIS = YES;
				CLANG_WARN_STRICT_PROTOTYPES = YES;
				CLANG_WARN_SUSPICIOUS_MOVE = YES;
				CLANG_WARN_UNGUARDED_AVAILABILITY = YES_AGGRESSIVE;
				CLANG_WARN_UNREACHABLE_CODE = YES;
				CLANG_WARN__DUPLICATE_METHOD_MATCH = YES;
				COPY_PHASE_STRIP = NO;
				DEBUG_INFORMATION_FORMAT = "dwarf-with-dsym";
				ENABLE_NS_ASSERTIONS = NO;
				ENABLE_STRICT_OBJC_MSGSEND = YES;
				GCC_C_LANGUAGE_STANDARD = gnu11;
				GCC_NO_COMMON_BLOCKS = YES;
				GCC_WARN_64_TO_32_BIT_CONVERSION = YES;
				GCC_WARN_ABOUT_RETURN_TYPE = YES_ERROR;
				GCC_WARN_UNDECLARED_SELECTOR = YES;
				GCC_WARN_UNINITIALIZED_AUTOS = YES_AGGRESSIVE;
				GCC_WARN_UNUSED_FUNCTION = YES;
				GCC_WARN_UNUSED_VARIABLE = YES;
				IPHONEOS_DEPLOYMENT_TARGET = 14.0;
				MTL_ENABLE_DEBUG_INFO = NO;
				MTL_FAST_MATH = YES;
				SDKROOT = iphoneos;
				SWIFT_COMPILATION_MODE = wholemodule;
				SWIFT_OPTIMIZATION_LEVEL = "-O";
				VALIDATE_PRODUCT = YES;
			};
			name = Release;
		};
		55BFE67725D2201000E2BB8C /* Debug */ = {
			isa = XCBuildConfiguration;
			buildSettings = {
				ASSETCATALOG_COMPILER_APPICON_NAME = AppIcon;
				ASSETCATALOG_COMPILER_GLOBAL_ACCENT_COLOR_NAME = AccentColor;
				CODE_SIGN_STYLE = Automatic;
				DEVELOPMENT_ASSET_PATHS = "\"RKFade/Preview Content\"";
				DEVELOPMENT_TEAM = 9792AFNZU9;
				ENABLE_PREVIEWS = YES;
				INFOPLIST_FILE = RKFade/Info.plist;
				IPHONEOS_DEPLOYMENT_TARGET = 15.0;
				LD_RUNPATH_SEARCH_PATHS = (
					"$(inherited)",
					"@executable_path/Frameworks",
				);
				PRODUCT_BUNDLE_IDENTIFIER = "com.GJ.AR-Test.Sound-Localization";
				PRODUCT_NAME = "$(TARGET_NAME)";
				SWIFT_VERSION = 5.0;
				TARGETED_DEVICE_FAMILY = "1,2";
			};
			name = Debug;
		};
		55BFE67825D2201000E2BB8C /* Release */ = {
			isa = XCBuildConfiguration;
			buildSettings = {
				ASSETCATALOG_COMPILER_APPICON_NAME = AppIcon;
				ASSETCATALOG_COMPILER_GLOBAL_ACCENT_COLOR_NAME = AccentColor;
				CODE_SIGN_STYLE = Automatic;
				DEVELOPMENT_ASSET_PATHS = "\"RKFade/Preview Content\"";
				DEVELOPMENT_TEAM = 9792AFNZU9;
				ENABLE_PREVIEWS = YES;
				INFOPLIST_FILE = RKFade/Info.plist;
				IPHONEOS_DEPLOYMENT_TARGET = 15.0;
				LD_RUNPATH_SEARCH_PATHS = (
					"$(inherited)",
					"@executable_path/Frameworks",
				);
				PRODUCT_BUNDLE_IDENTIFIER = "com.GJ.AR-Test.Sound-Localization";
				PRODUCT_NAME = "$(TARGET_NAME)";
				SWIFT_VERSION = 5.0;
				TARGETED_DEVICE_FAMILY = "1,2";
			};
			name = Release;
		};
/* End XCBuildConfiguration section */

/* Begin XCConfigurationList section */
		55BFE66025D2200F00E2BB8C /* Build configuration list for PBXProject "RKFade" */ = {
			isa = XCConfigurationList;
			buildConfigurations = (
				55BFE67425D2201000E2BB8C /* Debug */,
				55BFE67525D2201000E2BB8C /* Release */,
			);
			defaultConfigurationIsVisible = 0;
			defaultConfigurationName = Release;
		};
		55BFE67625D2201000E2BB8C /* Build configuration list for PBXNativeTarget "RKFade" */ = {
			isa = XCConfigurationList;
			buildConfigurations = (
				55BFE67725D2201000E2BB8C /* Debug */,
				55BFE67825D2201000E2BB8C /* Release */,
			);
			defaultConfigurationIsVisible = 0;
			defaultConfigurationName = Release;
		};
/* End XCConfigurationList section */

/* Begin XCRemoteSwiftPackageReference section */
		55ECE0AF273C8E6E00842DCC /* XCRemoteSwiftPackageReference "RealityKit-Asset-Loading" */ = {
			isa = XCRemoteSwiftPackageReference;
			repositoryURL = "https://github.com/Reality-Dev/RealityKit-Asset-Loading";
			requirement = {
				kind = upToNextMajorVersion;
				minimumVersion = 1.0.0;
			};
		};
/* End XCRemoteSwiftPackageReference section */

/* Begin XCSwiftPackageProductDependency section */
		55ECE0B0273C8E6E00842DCC /* RKAssetLoading */ = {
			isa = XCSwiftPackageProductDependency;
			package = 55ECE0AF273C8E6E00842DCC /* XCRemoteSwiftPackageReference "RealityKit-Asset-Loading" */;
			productName = RKAssetLoading;
		};
/* End XCSwiftPackageProductDependency section */
	};
	rootObject = 55BFE65D25D2200F00E2BB8C /* Project object */;
}
